// !$*UTF8*$!
{
	archiveVersion = 1;
	classes = {
	};
	objectVersion = 63;
	objects = {

/* Begin PBXBuildFile section */
		2225F915AB97B4806A059313 /* AeroSporkApp.swift in Sources */ = {isa = PBXBuildFile; fileRef = 9134D606B963EB6843D01E1C /* AeroSporkApp.swift */; };
		9C4259B08D7BC457F631DEDE /* AppBundle in Frameworks */ = {isa = PBXBuildFile; productRef = B873750DAD430B408A7CE51F /* AppBundle */; };
		C325AB066EFE8717EC5992C7 /* default-config.toml in Resources */ = {isa = PBXBuildFile; fileRef = B2CC472CF0CBFF8565D7791F /* default-config.toml */; };
		D0D71CB746DB124375B73175 /* Assets.xcassets in Resources */ = {isa = PBXBuildFile; fileRef = 9DA43B41558368B3FC7D6FEF /* Assets.xcassets */; };
/* End PBXBuildFile section */

/* Begin PBXFileReference section */
		233E2E6992E5B8D045882C06 /* AeroSpork-Debug.app */ = {isa = PBXFileReference; explicitFileType = wrapper.application; includeInIndex = 0; path = "AeroSpork-Debug.app"; sourceTree = BUILT_PRODUCTS_DIR; };
		237811D2D30699BB3E0E6517 /* aerospork */ = {isa = PBXFileReference; lastKnownFileType = folder; name = aerospork; path = .; sourceTree = SOURCE_ROOT; };
		87234DD589033C66539A48D5 /* AeroSpork.entitlements */ = {isa = PBXFileReference; lastKnownFileType = text.plist.entitlements; path = AeroSpork.entitlements; sourceTree = "<group>"; };
		9134D606B963EB6843D01E1C /* AeroSporkApp.swift */ = {isa = PBXFileReference; lastKnownFileType = sourcecode.swift; path = AeroSporkApp.swift; sourceTree = "<group>"; };
		9DA43B41558368B3FC7D6FEF /* Assets.xcassets */ = {isa = PBXFileReference; lastKnownFileType = folder.assetcatalog; path = Assets.xcassets; sourceTree = "<group>"; };
		B2CC472CF0CBFF8565D7791F /* default-config.toml */ = {isa = PBXFileReference; lastKnownFileType = text; path = "default-config.toml"; sourceTree = "<group>"; };
/* End PBXFileReference section */

/* Begin PBXFrameworksBuildPhase section */
		AE850A5354D11BC991F29F79 /* Frameworks */ = {
			isa = PBXFrameworksBuildPhase;
			buildActionMask = 2147483647;
			files = (
				9C4259B08D7BC457F631DEDE /* AppBundle in Frameworks */,
			);
			runOnlyForDeploymentPostprocessing = 0;
		};
/* End PBXFrameworksBuildPhase section */

/* Begin PBXGroup section */
		37DBFF2E5651EE1A0D5B2AE1 /* Packages */ = {
			isa = PBXGroup;
			children = (
				237811D2D30699BB3E0E6517 /* aerospork */,
			);
			name = Packages;
			sourceTree = "<group>";
		};
		6CA74BBAA605661F7074123F = {
			isa = PBXGroup;
			children = (
				DC049B869774FF51308AB905 /* AeroSporkApp */,
				FCB2475E1F2B0BC059C798BF /* config-examples */,
				37DBFF2E5651EE1A0D5B2AE1 /* Packages */,
				F9D1DAEC9536C681C49D24BE /* resources */,
				9B9622EC97CA2EBC197F979E /* Products */,
			);
			sourceTree = "<group>";
		};
		9B9622EC97CA2EBC197F979E /* Products */ = {
			isa = PBXGroup;
			children = (
				233E2E6992E5B8D045882C06 /* AeroSpork-Debug.app */,
			);
			name = Products;
			sourceTree = "<group>";
		};
		DC049B869774FF51308AB905 /* AeroSporkApp */ = {
			isa = PBXGroup;
			children = (
				9134D606B963EB6843D01E1C /* AeroSporkApp.swift */,
			);
			name = AeroSporkApp;
			path = Sources/AeroSporkApp;
			sourceTree = "<group>";
		};
		F9D1DAEC9536C681C49D24BE /* resources */ = {
			isa = PBXGroup;
			children = (
				87234DD589033C66539A48D5 /* AeroSpork.entitlements */,
				9DA43B41558368B3FC7D6FEF /* Assets.xcassets */,
			);
			path = resources;
			sourceTree = "<group>";
		};
		FCB2475E1F2B0BC059C798BF /* config-examples */ = {
			isa = PBXGroup;
			children = (
				B2CC472CF0CBFF8565D7791F /* default-config.toml */,
			);
			name = "config-examples";
			path = "docs/config-examples";
			sourceTree = "<group>";
		};
/* End PBXGroup section */

/* Begin PBXNativeTarget section */
		3A09C8289A55A198F5F905D1 /* AeroSpork */ = {
			isa = PBXNativeTarget;
			buildConfigurationList = 9524648FDFB08929FAA3930A /* Build configuration list for PBXNativeTarget "AeroSpork" */;
			buildPhases = (
				DFA0181D9FC0261E1D64A5DD /* Sources */,
				16225631CB1E2F40BE02CDED /* Resources */,
				AE850A5354D11BC991F29F79 /* Frameworks */,
			);
			buildRules = (
			);
			dependencies = (
			);
			name = AeroSpork;
			packageProductDependencies = (
				B873750DAD430B408A7CE51F /* AppBundle */,
			);
			productName = AeroSpork;
			productReference = 233E2E6992E5B8D045882C06 /* AeroSpork-Debug.app */;
			productType = "com.apple.product-type.application";
		};
/* End PBXNativeTarget section */

/* Begin PBXProject section */
		A89EBA7B7DD6B8205EB0A977 /* Project object */ = {
			isa = PBXProject;
			attributes = {
				BuildIndependentTargetsInParallel = YES;
				LastUpgradeCheck = 1430;
			};
			buildConfigurationList = 5D7D98C3A3C62F13613AE95E /* Build configuration list for PBXProject "AeroSpork" */;
			compatibilityVersion = "Xcode 14.0";
			developmentRegion = en;
			hasScannedForEncodings = 0;
			knownRegions = (
				Base,
				en,
			);
			mainGroup = 6CA74BBAA605661F7074123F;
			minimizedProjectReferenceProxies = 1;
			packageReferences = (
				59576CFEDB25051DDDF6D296 /* XCLocalSwiftPackageReference "." */,
			);
			projectDirPath = "";
			projectRoot = "";
			targets = (
				3A09C8289A55A198F5F905D1 /* AeroSpork */,
			);
		};
/* End PBXProject section */

/* Begin PBXResourcesBuildPhase section */
		16225631CB1E2F40BE02CDED /* Resources */ = {
			isa = PBXResourcesBuildPhase;
			buildActionMask = 2147483647;
			files = (
				D0D71CB746DB124375B73175 /* Assets.xcassets in Resources */,
				C325AB066EFE8717EC5992C7 /* default-config.toml in Resources */,
			);
			runOnlyForDeploymentPostprocessing = 0;
		};
/* End PBXResourcesBuildPhase section */

/* Begin PBXSourcesBuildPhase section */
		DFA0181D9FC0261E1D64A5DD /* Sources */ = {
			isa = PBXSourcesBuildPhase;
			buildActionMask = 2147483647;
			files = (
				2225F915AB97B4806A059313 /* AeroSporkApp.swift in Sources */,
			);
			runOnlyForDeploymentPostprocessing = 0;
		};
/* End PBXSourcesBuildPhase section */

/* Begin XCBuildConfiguration section */
		3327C37878AF75405613AAFF /* Release */ = {
			isa = XCBuildConfiguration;
			buildSettings = {
				ALWAYS_SEARCH_USER_PATHS = NO;
				CLANG_ANALYZER_NONNULL = YES;
				CLANG_ANALYZER_NUMBER_OBJECT_CONVERSION = YES_AGGRESSIVE;
				CLANG_CXX_LANGUAGE_STANDARD = "gnu++14";
				CLANG_CXX_LIBRARY = "libc++";
				CLANG_ENABLE_MODULES = YES;
				CLANG_ENABLE_OBJC_ARC = YES;
				CLANG_ENABLE_OBJC_WEAK = YES;
				CLANG_WARN_BLOCK_CAPTURE_AUTORELEASING = YES;
				CLANG_WARN_BOOL_CONVERSION = YES;
				CLANG_WARN_COMMA = YES;
				CLANG_WARN_CONSTANT_CONVERSION = YES;
				CLANG_WARN_DEPRECATED_OBJC_IMPLEMENTATIONS = YES;
				CLANG_WARN_DIRECT_OBJC_ISA_USAGE = YES_ERROR;
				CLANG_WARN_DOCUMENTATION_COMMENTS = YES;
				CLANG_WARN_EMPTY_BODY = YES;
				CLANG_WARN_ENUM_CONVERSION = YES;
				CLANG_WARN_INFINITE_RECURSION = YES;
				CLANG_WARN_INT_CONVERSION = YES;
				CLANG_WARN_NON_LITERAL_NULL_CONVERSION = YES;
				CLANG_WARN_OBJC_IMPLICIT_RETAIN_SELF = YES;
				CLANG_WARN_OBJC_LITERAL_CONVERSION = YES;
				CLANG_WARN_OBJC_ROOT_CLASS = YES_ERROR;
				CLANG_WARN_QUOTED_INCLUDE_IN_FRAMEWORK_HEADER = YES;
				CLANG_WARN_RANGE_LOOP_ANALYSIS = YES;
				CLANG_WARN_STRICT_PROTOTYPES = YES;
				CLANG_WARN_SUSPICIOUS_MOVE = YES;
				CLANG_WARN_UNGUARDED_AVAILABILITY = YES_AGGRESSIVE;
				CLANG_WARN_UNREACHABLE_CODE = YES;
				CLANG_WARN__DUPLICATE_METHOD_MATCH = YES;
				COPY_PHASE_STRIP = NO;
				DEBUG_INFORMATION_FORMAT = "dwarf-with-dsym";
				ENABLE_NS_ASSERTIONS = NO;
				ENABLE_STRICT_OBJC_MSGSEND = YES;
				GCC_C_LANGUAGE_STANDARD = gnu11;
				GCC_NO_COMMON_BLOCKS = YES;
				GCC_WARN_64_TO_32_BIT_CONVERSION = YES;
				GCC_WARN_ABOUT_RETURN_TYPE = YES_ERROR;
				GCC_WARN_UNDECLARED_SELECTOR = YES;
				GCC_WARN_UNINITIALIZED_AUTOS = YES_AGGRESSIVE;
				GCC_WARN_UNUSED_FUNCTION = YES;
				GCC_WARN_UNUSED_VARIABLE = YES;
				MTL_ENABLE_DEBUG_INFO = NO;
				MTL_FAST_MATH = YES;
				PRODUCT_NAME = "$(TARGET_NAME)";
				SDKROOT = macosx;
				SWIFT_COMPILATION_MODE = wholemodule;
				SWIFT_OPTIMIZATION_LEVEL = "-O";
				SWIFT_VERSION = 5.0;
			};
			name = Release;
		};
		4EEA6E4C71573CC42A35DCF2 /* Debug */ = {
			isa = XCBuildConfiguration;
			buildSettings = {
				ALWAYS_SEARCH_USER_PATHS = NO;
				CLANG_ANALYZER_NONNULL = YES;
				CLANG_ANALYZER_NUMBER_OBJECT_CONVERSION = YES_AGGRESSIVE;
				CLANG_CXX_LANGUAGE_STANDARD = "gnu++14";
				CLANG_CXX_LIBRARY = "libc++";
				CLANG_ENABLE_MODULES = YES;
				CLANG_ENABLE_OBJC_ARC = YES;
				CLANG_ENABLE_OBJC_WEAK = YES;
				CLANG_WARN_BLOCK_CAPTURE_AUTORELEASING = YES;
				CLANG_WARN_BOOL_CONVERSION = YES;
				CLANG_WARN_COMMA = YES;
				CLANG_WARN_CONSTANT_CONVERSION = YES;
				CLANG_WARN_DEPRECATED_OBJC_IMPLEMENTATIONS = YES;
				CLANG_WARN_DIRECT_OBJC_ISA_USAGE = YES_ERROR;
				CLANG_WARN_DOCUMENTATION_COMMENTS = YES;
				CLANG_WARN_EMPTY_BODY = YES;
				CLANG_WARN_ENUM_CONVERSION = YES;
				CLANG_WARN_INFINITE_RECURSION = YES;
				CLANG_WARN_INT_CONVERSION = YES;
				CLANG_WARN_NON_LITERAL_NULL_CONVERSION = YES;
				CLANG_WARN_OBJC_IMPLICIT_RETAIN_SELF = YES;
				CLANG_WARN_OBJC_LITERAL_CONVERSION = YES;
				CLANG_WARN_OBJC_ROOT_CLASS = YES_ERROR;
				CLANG_WARN_QUOTED_INCLUDE_IN_FRAMEWORK_HEADER = YES;
				CLANG_WARN_RANGE_LOOP_ANALYSIS = YES;
				CLANG_WARN_STRICT_PROTOTYPES = YES;
				CLANG_WARN_SUSPICIOUS_MOVE = YES;
				CLANG_WARN_UNGUARDED_AVAILABILITY = YES_AGGRESSIVE;
				CLANG_WARN_UNREACHABLE_CODE = YES;
				CLANG_WARN__DUPLICATE_METHOD_MATCH = YES;
				COPY_PHASE_STRIP = NO;
				DEBUG_INFORMATION_FORMAT = dwarf;
				ENABLE_STRICT_OBJC_MSGSEND = YES;
				ENABLE_TESTABILITY = YES;
				GCC_C_LANGUAGE_STANDARD = gnu11;
				GCC_DYNAMIC_NO_PIC = NO;
				GCC_NO_COMMON_BLOCKS = YES;
				GCC_OPTIMIZATION_LEVEL = 0;
				GCC_PREPROCESSOR_DEFINITIONS = (
					"$(inherited)",
					"DEBUG=1",
				);
				GCC_WARN_64_TO_32_BIT_CONVERSION = YES;
				GCC_WARN_ABOUT_RETURN_TYPE = YES_ERROR;
				GCC_WARN_UNDECLARED_SELECTOR = YES;
				GCC_WARN_UNINITIALIZED_AUTOS = YES_AGGRESSIVE;
				GCC_WARN_UNUSED_FUNCTION = YES;
				GCC_WARN_UNUSED_VARIABLE = YES;
				MTL_ENABLE_DEBUG_INFO = INCLUDE_SOURCE;
				MTL_FAST_MATH = YES;
				ONLY_ACTIVE_ARCH = YES;
				PRODUCT_NAME = "$(TARGET_NAME)";
				SDKROOT = macosx;
				SWIFT_ACTIVE_COMPILATION_CONDITIONS = DEBUG;
				SWIFT_OPTIMIZATION_LEVEL = "-Onone";
				SWIFT_VERSION = 5.0;
			};
			name = Debug;
		};
		8A46E409FFC7A312ACA9A3F6 /* Release */ = {
			isa = XCBuildConfiguration;
			buildSettings = {
				ASSETCATALOG_COMPILER_APPICON_NAME = AppIcon;
				CODE_SIGN_ENTITLEMENTS = resources/AeroSpork.entitlements;
				CODE_SIGN_IDENTITY = "Apple Development";
				"CODE_SIGN_IDENTITY[sdk=macosx*]" = "-";
				CODE_SIGN_STYLE = Automatic;
				COMBINE_HIDPI_IMAGES = YES;
				DEVELOPMENT_TEAM = PRWUVMURYJ;
				GENERATE_INFOPLIST_FILE = YES;
				INFOPLIST_KEY_LSUIElement = YES;
				LD_RUNPATH_SEARCH_PATHS = (
					"$(inherited)",
					"@executable_path/../Frameworks",
				);
				MACOSX_DEPLOYMENT_TARGET = 13.0;
				MARKETING_VERSION = "0.0.0-SNAPSHOT";
				PRODUCT_BUNDLE_IDENTIFIER = com.wbs.aerospork;
				PRODUCT_NAME = AeroSpork;
				PROVISIONING_PROFILE_SPECIFIER = "";
				SDKROOT = macosx;
				SWIFT_VERSION = 6.0;
			};
			name = Release;
		};
		E9B544A229BE0B0A9EE5748C /* Debug */ = {
			isa = XCBuildConfiguration;
			buildSettings = {
				ASSETCATALOG_COMPILER_APPICON_NAME = AppIcon;
				CODE_SIGN_ENTITLEMENTS = resources/AeroSpork.entitlements;
				CODE_SIGN_IDENTITY = "Apple Development";
				CODE_SIGN_STYLE = Automatic;
				COMBINE_HIDPI_IMAGES = YES;
				DEVELOPMENT_TEAM = PRWUVMURYJ;
				GENERATE_INFOPLIST_FILE = YES;
				INFOPLIST_KEY_LSUIElement = YES;
				LD_RUNPATH_SEARCH_PATHS = (
					"$(inherited)",
					"@executable_path/../Frameworks",
				);
				MACOSX_DEPLOYMENT_TARGET = 13.0;
				MARKETING_VERSION = "0.0.0-SNAPSHOT";
				PRODUCT_BUNDLE_IDENTIFIER = com.wbs.aerospork.debug;
				PRODUCT_NAME = "AeroSpork-Debug";
				PROVISIONING_PROFILE_SPECIFIER = "";
				SDKROOT = macosx;
				SWIFT_VERSION = 6.0;
			};
			name = Debug;
		};
/* End XCBuildConfiguration section */

/* Begin XCConfigurationList section */
		5D7D98C3A3C62F13613AE95E /* Build configuration list for PBXProject "AeroSpork" */ = {
			isa = XCConfigurationList;
			buildConfigurations = (
				4EEA6E4C71573CC42A35DCF2 /* Debug */,
				3327C37878AF75405613AAFF /* Release */,
			);
			defaultConfigurationIsVisible = 0;
			defaultConfigurationName = Debug;
		};
		9524648FDFB08929FAA3930A /* Build configuration list for PBXNativeTarget "AeroSpork" */ = {
			isa = XCConfigurationList;
			buildConfigurations = (
				E9B544A229BE0B0A9EE5748C /* Debug */,
				8A46E409FFC7A312ACA9A3F6 /* Release */,
			);
			defaultConfigurationIsVisible = 0;
			defaultConfigurationName = Debug;
		};
/* End XCConfigurationList section */

/* Begin XCLocalSwiftPackageReference section */
		59576CFEDB25051DDDF6D296 /* XCLocalSwiftPackageReference "." */ = {
			isa = XCLocalSwiftPackageReference;
			relativePath = .;
		};
/* End XCLocalSwiftPackageReference section */

/* Begin XCSwiftPackageProductDependency section */
		B873750DAD430B408A7CE51F /* AppBundle */ = {
			isa = XCSwiftPackageProductDependency;
			productName = AppBundle;
		};
/* End XCSwiftPackageProductDependency section */
	};
	rootObject = A89EBA7B7DD6B8205EB0A977 /* Project object */;
}
