{
  "originHash" : "c61ad8145f9b954d20a8142f03bac4a291c40b6053890373a50c2a4c4566b3fe",
  "pins" : [
    {
      "identity" : "tomlkit",
      "kind" : "remoteSourceControl",
      "location" : "https://github.com/LebJe/TOMLKit",
      "state" : {
        "revision" : "404c4dd011743461bff12d00a5118d0ed59d630c",
        "version" : "0.5.5"
      }
    }
  ],
  "version" : 3
}
