// !$*UTF8*$!
{
	archiveVersion = 1;
	classes = {
	};
	objectVersion = 63;
	objects = {

/* Begin PBXBuildFile section */
		36B5789FCE23A9E89E315458 /* PrivacyInfo.xcprivacy in Resources */ = {isa = PBXBuildFile; fileRef = BC6359E2A838ABFEFBE27CA3 /* PrivacyInfo.xcprivacy */; };
		4AFF18C8AFABC1DCCF9FC0C6 /* AppBundle in Frameworks */ = {isa = PBXBuildFile; productRef = 67C879C545F64B1060FA8285 /* AppBundle */; };
		4DD2F2AF008A308E29904A9C /* Assets.xcassets in Resources */ = {isa = PBXBuildFile; fileRef = A972C7E74664205B56926F9B /* Assets.xcassets */; };
		6D08CA29109A81F2F9D84C32 /* Info-Debug.plist in Resources */ = {isa = PBXBuildFile; fileRef = 929E0EF128B8A23F95B49EF5 /* Info-Debug.plist */; };
		C7285640ECF82C95EB21790D /* j4App.swift in Sources */ = {isa = PBXBuildFile; fileRef = 2D4FCC9F10502398DD4A1C4C /* j4App.swift */; };
/* End PBXBuildFile section */

/* Begin PBXFileReference section */
		2D4FCC9F10502398DD4A1C4C /* j4App.swift */ = {isa = PBXFileReference; lastKnownFileType = sourcecode.swift; path = j4App.swift; sourceTree = "<group>"; };
		484E804C0AF2D6487B69ED37 /* j4.entitlements */ = {isa = PBXFileReference; lastKnownFileType = text.plist.entitlements; path = j4.entitlements; sourceTree = "<group>"; };
		929E0EF128B8A23F95B49EF5 /* Info-Debug.plist */ = {isa = PBXFileReference; lastKnownFileType = text.plist; path = "Info-Debug.plist"; sourceTree = "<group>"; };
		A972C7E74664205B56926F9B /* Assets.xcassets */ = {isa = PBXFileReference; lastKnownFileType = folder.assetcatalog; path = Assets.xcassets; sourceTree = "<group>"; };
		BC6359E2A838ABFEFBE27CA3 /* PrivacyInfo.xcprivacy */ = {isa = PBXFileReference; lastKnownFileType = text.xml; path = PrivacyInfo.xcprivacy; sourceTree = "<group>"; };
		D6E549348AD38001629AFEF8 /* j4-Debug.app */ = {isa = PBXFileReference; explicitFileType = wrapper.application; includeInIndex = 0; path = "j4-Debug.app"; sourceTree = BUILT_PRODUCTS_DIR; };
		F065CA57A7D2E5B2D4959EF0 /* aerospork */ = {isa = PBXFileReference; lastKnownFileType = folder; name = aerospork; path = .; sourceTree = SOURCE_ROOT; };
/* End PBXFileReference section */

/* Begin PBXFrameworksBuildPhase section */
		199CCDF911DBA839B2B23967 /* Frameworks */ = {
			isa = PBXFrameworksBuildPhase;
			buildActionMask = 2147483647;
			files = (
				4AFF18C8AFABC1DCCF9FC0C6 /* AppBundle in Frameworks */,
			);
			runOnlyForDeploymentPostprocessing = 0;
		};
/* End PBXFrameworksBuildPhase section */

/* Begin PBXGroup section */
		3E125984AD89B99F49DE7528 /* j4App */ = {
			isa = PBXGroup;
			children = (
				2D4FCC9F10502398DD4A1C4C /* j4App.swift */,
			);
			name = j4App;
			path = Sources/j4App;
			sourceTree = "<group>";
		};
		4B783050A7C227EF61D52872 /* resources */ = {
			isa = PBXGroup;
			children = (
				A972C7E74664205B56926F9B /* Assets.xcassets */,
				929E0EF128B8A23F95B49EF5 /* Info-Debug.plist */,
				484E804C0AF2D6487B69ED37 /* j4.entitlements */,
				BC6359E2A838ABFEFBE27CA3 /* PrivacyInfo.xcprivacy */,
			);
			path = resources;
			sourceTree = "<group>";
		};
		6AD995F712CAFCDB83761E4B /* Packages */ = {
			isa = PBXGroup;
			children = (
				F065CA57A7D2E5B2D4959EF0 /* aerospork */,
			);
			name = Packages;
			sourceTree = "<group>";
		};
		773DDCAE2D4B739138B92AC1 /* Products */ = {
			isa = PBXGroup;
			children = (
				D6E549348AD38001629AFEF8 /* j4-Debug.app */,
			);
			name = Products;
			sourceTree = "<group>";
		};
		895352C6C8EB704DF0B94496 = {
			isa = PBXGroup;
			children = (
				3E125984AD89B99F49DE7528 /* j4App */,
				6AD995F712CAFCDB83761E4B /* Packages */,
				4B783050A7C227EF61D52872 /* resources */,
				773DDCAE2D4B739138B92AC1 /* Products */,
			);
			sourceTree = "<group>";
		};
/* End PBXGroup section */

/* Begin PBXNativeTarget section */
		CFF786C153634E9FCB909A6E /* j4 */ = {
			isa = PBXNativeTarget;
			buildConfigurationList = 615A79FC9F9E2424BD81281C /* Build configuration list for PBXNativeTarget "j4" */;
			buildPhases = (
				C6105E575EFFC06871FC077D /* Sources */,
				198589F231494288B1B4684C /* Resources */,
				199CCDF911DBA839B2B23967 /* Frameworks */,
			);
			buildRules = (
			);
			dependencies = (
			);
			name = j4;
			packageProductDependencies = (
				67C879C545F64B1060FA8285 /* AppBundle */,
			);
			productName = j4;
			productReference = D6E549348AD38001629AFEF8 /* j4-Debug.app */;
			productType = "com.apple.product-type.application";
		};
/* End PBXNativeTarget section */

/* Begin PBXProject section */
		4D4F5C55E1C471785BD90DA2 /* Project object */ = {
			isa = PBXProject;
			attributes = {
				BuildIndependentTargetsInParallel = YES;
				LastUpgradeCheck = 1430;
			};
			buildConfigurationList = 6C58353C1A7CB43C75A5F72B /* Build configuration list for PBXProject "j4" */;
			compatibilityVersion = "Xcode 14.0";
			developmentRegion = en;
			hasScannedForEncodings = 0;
			knownRegions = (
				Base,
				en,
			);
			mainGroup = 895352C6C8EB704DF0B94496;
			minimizedProjectReferenceProxies = 1;
			packageReferences = (
				B798243B20A1697B12780709 /* XCLocalSwiftPackageReference "." */,
			);
			projectDirPath = "";
			projectRoot = "";
			targets = (
				CFF786C153634E9FCB909A6E /* j4 */,
			);
		};
/* End PBXProject section */

/* Begin PBXResourcesBuildPhase section */
		198589F231494288B1B4684C /* Resources */ = {
			isa = PBXResourcesBuildPhase;
			buildActionMask = 2147483647;
			files = (
				4DD2F2AF008A308E29904A9C /* Assets.xcassets in Resources */,
				6D08CA29109A81F2F9D84C32 /* Info-Debug.plist in Resources */,
				36B5789FCE23A9E89E315458 /* PrivacyInfo.xcprivacy in Resources */,
			);
			runOnlyForDeploymentPostprocessing = 0;
		};
/* End PBXResourcesBuildPhase section */

/* Begin PBXSourcesBuildPhase section */
		C6105E575EFFC06871FC077D /* Sources */ = {
			isa = PBXSourcesBuildPhase;
			buildActionMask = 2147483647;
			files = (
				C7285640ECF82C95EB21790D /* j4App.swift in Sources */,
			);
			runOnlyForDeploymentPostprocessing = 0;
		};
/* End PBXSourcesBuildPhase section */

/* Begin XCBuildConfiguration section */
		211F3C8A424330777C2D62E2 /* Debug */ = {
			isa = XCBuildConfiguration;
			buildSettings = {
				ASSETCATALOG_COMPILER_APPICON_NAME = AppIcon;
				CODE_SIGN_ENTITLEMENTS = resources/j4.entitlements;
				CODE_SIGN_IDENTITY = "Apple Development";
				CODE_SIGN_STYLE = Automatic;
				COMBINE_HIDPI_IMAGES = YES;
				CURRENT_PROJECT_VERSION = 1;
				DEVELOPMENT_TEAM = PRWUVMURYJ;
				ENABLE_HARDENED_RUNTIME = YES;
				GENERATE_INFOPLIST_FILE = YES;
				INFOPLIST_KEY_LSApplicationCategoryType = "public.app-category.productivity";
				INFOPLIST_KEY_LSUIElement = YES;
				INFOPLIST_KEY_NSHumanReadableCopyright = "Copyright © 2025 j4. All rights reserved.";
				LD_RUNPATH_SEARCH_PATHS = (
					"$(inherited)",
					"@executable_path/../Frameworks",
				);
				MACOSX_DEPLOYMENT_TARGET = 13.0;
				MARKETING_VERSION = 1.0.0;
				PRODUCT_BUNDLE_IDENTIFIER = com.wbs.j4.debug;
				PRODUCT_NAME = "j4-Debug";
				PROVISIONING_PROFILE_SPECIFIER = "";
				SDKROOT = macosx;
				SWIFT_VERSION = 6.0;
			};
			name = Debug;
		};
		21B508AC51D027F60AA7B34D /* Release */ = {
			isa = XCBuildConfiguration;
			buildSettings = {
				ASSETCATALOG_COMPILER_APPICON_NAME = AppIcon;
				CODE_SIGN_ENTITLEMENTS = resources/j4.entitlements;
				CODE_SIGN_IDENTITY = "Apple Development";
				CODE_SIGN_STYLE = Automatic;
				COMBINE_HIDPI_IMAGES = YES;
				CURRENT_PROJECT_VERSION = 1;
				DEVELOPMENT_TEAM = PRWUVMURYJ;
				ENABLE_HARDENED_RUNTIME = YES;
				GENERATE_INFOPLIST_FILE = YES;
				INFOPLIST_KEY_LSApplicationCategoryType = "public.app-category.productivity";
				INFOPLIST_KEY_LSUIElement = YES;
				INFOPLIST_KEY_NSHumanReadableCopyright = "Copyright © 2025 j4. All rights reserved.";
				LD_RUNPATH_SEARCH_PATHS = (
					"$(inherited)",
					"@executable_path/../Frameworks",
				);
				MACOSX_DEPLOYMENT_TARGET = 13.0;
				MARKETING_VERSION = 1.0.0;
				PRODUCT_BUNDLE_IDENTIFIER = com.wbs.j4;
				PRODUCT_NAME = j4;
				PROVISIONING_PROFILE_SPECIFIER = "";
				SDKROOT = macosx;
				SWIFT_VERSION = 6.0;
			};
			name = Release;
		};
		D8F9174C84049C162AF5812F /* Debug */ = {
			isa = XCBuildConfiguration;
			buildSettings = {
				ALWAYS_SEARCH_USER_PATHS = NO;
				CLANG_ANALYZER_NONNULL = YES;
				CLANG_ANALYZER_NUMBER_OBJECT_CONVERSION = YES_AGGRESSIVE;
				CLANG_CXX_LANGUAGE_STANDARD = "gnu++14";
				CLANG_CXX_LIBRARY = "libc++";
				CLANG_ENABLE_MODULES = YES;
				CLANG_ENABLE_OBJC_ARC = YES;
				CLANG_ENABLE_OBJC_WEAK = YES;
				CLANG_WARN_BLOCK_CAPTURE_AUTORELEASING = YES;
				CLANG_WARN_BOOL_CONVERSION = YES;
				CLANG_WARN_COMMA = YES;
				CLANG_WARN_CONSTANT_CONVERSION = YES;
				CLANG_WARN_DEPRECATED_OBJC_IMPLEMENTATIONS = YES;
				CLANG_WARN_DIRECT_OBJC_ISA_USAGE = YES_ERROR;
				CLANG_WARN_DOCUMENTATION_COMMENTS = YES;
				CLANG_WARN_EMPTY_BODY = YES;
				CLANG_WARN_ENUM_CONVERSION = YES;
				CLANG_WARN_INFINITE_RECURSION = YES;
				CLANG_WARN_INT_CONVERSION = YES;
				CLANG_WARN_NON_LITERAL_NULL_CONVERSION = YES;
				CLANG_WARN_OBJC_IMPLICIT_RETAIN_SELF = YES;
				CLANG_WARN_OBJC_LITERAL_CONVERSION = YES;
				CLANG_WARN_OBJC_ROOT_CLASS = YES_ERROR;
				CLANG_WARN_QUOTED_INCLUDE_IN_FRAMEWORK_HEADER = YES;
				CLANG_WARN_RANGE_LOOP_ANALYSIS = YES;
				CLANG_WARN_STRICT_PROTOTYPES = YES;
				CLANG_WARN_SUSPICIOUS_MOVE = YES;
				CLANG_WARN_UNGUARDED_AVAILABILITY = YES_AGGRESSIVE;
				CLANG_WARN_UNREACHABLE_CODE = YES;
				CLANG_WARN__DUPLICATE_METHOD_MATCH = YES;
				COPY_PHASE_STRIP = NO;
				DEBUG_INFORMATION_FORMAT = dwarf;
				ENABLE_STRICT_OBJC_MSGSEND = YES;
				ENABLE_TESTABILITY = YES;
				GCC_C_LANGUAGE_STANDARD = gnu11;
				GCC_DYNAMIC_NO_PIC = NO;
				GCC_NO_COMMON_BLOCKS = YES;
				GCC_OPTIMIZATION_LEVEL = 0;
				GCC_PREPROCESSOR_DEFINITIONS = (
					"$(inherited)",
					"DEBUG=1",
				);
				GCC_WARN_64_TO_32_BIT_CONVERSION = YES;
				GCC_WARN_ABOUT_RETURN_TYPE = YES_ERROR;
				GCC_WARN_UNDECLARED_SELECTOR = YES;
				GCC_WARN_UNINITIALIZED_AUTOS = YES_AGGRESSIVE;
				GCC_WARN_UNUSED_FUNCTION = YES;
				GCC_WARN_UNUSED_VARIABLE = YES;
				MTL_ENABLE_DEBUG_INFO = INCLUDE_SOURCE;
				MTL_FAST_MATH = YES;
				ONLY_ACTIVE_ARCH = YES;
				PRODUCT_NAME = "$(TARGET_NAME)";
				SDKROOT = macosx;
				SWIFT_ACTIVE_COMPILATION_CONDITIONS = DEBUG;
				SWIFT_OPTIMIZATION_LEVEL = "-Onone";
				SWIFT_VERSION = 5.0;
			};
			name = Debug;
		};
		EE3C5CA751F47A5EFA9B56CA /* Release */ = {
			isa = XCBuildConfiguration;
			buildSettings = {
				ALWAYS_SEARCH_USER_PATHS = NO;
				CLANG_ANALYZER_NONNULL = YES;
				CLANG_ANALYZER_NUMBER_OBJECT_CONVERSION = YES_AGGRESSIVE;
				CLANG_CXX_LANGUAGE_STANDARD = "gnu++14";
				CLANG_CXX_LIBRARY = "libc++";
				CLANG_ENABLE_MODULES = YES;
				CLANG_ENABLE_OBJC_ARC = YES;
				CLANG_ENABLE_OBJC_WEAK = YES;
				CLANG_WARN_BLOCK_CAPTURE_AUTORELEASING = YES;
				CLANG_WARN_BOOL_CONVERSION = YES;
				CLANG_WARN_COMMA = YES;
				CLANG_WARN_CONSTANT_CONVERSION = YES;
				CLANG_WARN_DEPRECATED_OBJC_IMPLEMENTATIONS = YES;
				CLANG_WARN_DIRECT_OBJC_ISA_USAGE = YES_ERROR;
				CLANG_WARN_DOCUMENTATION_COMMENTS = YES;
				CLANG_WARN_EMPTY_BODY = YES;
				CLANG_WARN_ENUM_CONVERSION = YES;
				CLANG_WARN_INFINITE_RECURSION = YES;
				CLANG_WARN_INT_CONVERSION = YES;
				CLANG_WARN_NON_LITERAL_NULL_CONVERSION = YES;
				CLANG_WARN_OBJC_IMPLICIT_RETAIN_SELF = YES;
				CLANG_WARN_OBJC_LITERAL_CONVERSION = YES;
				CLANG_WARN_OBJC_ROOT_CLASS = YES_ERROR;
				CLANG_WARN_QUOTED_INCLUDE_IN_FRAMEWORK_HEADER = YES;
				CLANG_WARN_RANGE_LOOP_ANALYSIS = YES;
				CLANG_WARN_STRICT_PROTOTYPES = YES;
				CLANG_WARN_SUSPICIOUS_MOVE = YES;
				CLANG_WARN_UNGUARDED_AVAILABILITY = YES_AGGRESSIVE;
				CLANG_WARN_UNREACHABLE_CODE = YES;
				CLANG_WARN__DUPLICATE_METHOD_MATCH = YES;
				COPY_PHASE_STRIP = NO;
				DEBUG_INFORMATION_FORMAT = "dwarf-with-dsym";
				ENABLE_NS_ASSERTIONS = NO;
				ENABLE_STRICT_OBJC_MSGSEND = YES;
				GCC_C_LANGUAGE_STANDARD = gnu11;
				GCC_NO_COMMON_BLOCKS = YES;
				GCC_WARN_64_TO_32_BIT_CONVERSION = YES;
				GCC_WARN_ABOUT_RETURN_TYPE = YES_ERROR;
				GCC_WARN_UNDECLARED_SELECTOR = YES;
				GCC_WARN_UNINITIALIZED_AUTOS = YES_AGGRESSIVE;
				GCC_WARN_UNUSED_FUNCTION = YES;
				GCC_WARN_UNUSED_VARIABLE = YES;
				MTL_ENABLE_DEBUG_INFO = NO;
				MTL_FAST_MATH = YES;
				PRODUCT_NAME = "$(TARGET_NAME)";
				SDKROOT = macosx;
				SWIFT_COMPILATION_MODE = wholemodule;
				SWIFT_OPTIMIZATION_LEVEL = "-O";
				SWIFT_VERSION = 5.0;
			};
			name = Release;
		};
/* End XCBuildConfiguration section */

/* Begin XCConfigurationList section */
		615A79FC9F9E2424BD81281C /* Build configuration list for PBXNativeTarget "j4" */ = {
			isa = XCConfigurationList;
			buildConfigurations = (
				211F3C8A424330777C2D62E2 /* Debug */,
				21B508AC51D027F60AA7B34D /* Release */,
			);
			defaultConfigurationIsVisible = 0;
			defaultConfigurationName = Debug;
		};
		6C58353C1A7CB43C75A5F72B /* Build configuration list for PBXProject "j4" */ = {
			isa = XCConfigurationList;
			buildConfigurations = (
				D8F9174C84049C162AF5812F /* Debug */,
				EE3C5CA751F47A5EFA9B56CA /* Release */,
			);
			defaultConfigurationIsVisible = 0;
			defaultConfigurationName = Debug;
		};
/* End XCConfigurationList section */

/* Begin XCLocalSwiftPackageReference section */
		B798243B20A1697B12780709 /* XCLocalSwiftPackageReference "." */ = {
			isa = XCLocalSwiftPackageReference;
			relativePath = .;
		};
/* End XCLocalSwiftPackageReference section */

/* Begin XCSwiftPackageProductDependency section */
		67C879C545F64B1060FA8285 /* AppBundle */ = {
			isa = XCSwiftPackageProductDependency;
			productName = AppBundle;
		};
/* End XCSwiftPackageProductDependency section */
	};
	rootObject = 4D4F5C55E1C471785BD90DA2 /* Project object */;
}
